
Microsoft Visual Studio Solution File, Format Version 12.00
# Visual Studio 15
VisualStudioVersion = 15.0.28307.779
MinimumVisualStudioVersion = 10.0.40219.1
Project("{9A19103F-16F7-4668-BE54-9A1E7A4F7556}") = "Day20_FileIO", "Day20_FileIO\Day20_FileIO.csproj", "{9558299E-6A81-4CBA-91C3-5CED209E782B}"
EndProject
Project("{FAE04EC0-301F-11D3-BF4B-00C04F79EFBC}") = "SerializationDemo", "SerializationDemo\SerializationDemo.csproj", "{C64DA48B-1177-44A1-BA18-69426A18B15A}"
EndProject
Global
	GlobalSection(SolutionConfigurationPlatforms) = preSolution
		Debug|Any CPU = Debug|Any CPU
		Release|Any CPU = Release|Any CPU
	EndGlobalSection
	GlobalSection(ProjectConfigurationPlatforms) = postSolution
		{9558299E-6A81-4CBA-91C3-5CED209E782B}.Debug|Any CPU.ActiveCfg = Debug|Any CPU
		{9558299E-6A81-4CBA-91C3-5CED209E782B}.Debug|Any CPU.Build.0 = Debug|Any CPU
		{9558299E-6A81-4CBA-91C3-5CED209E782B}.Release|Any CPU.ActiveCfg = Release|Any CPU
		{9558299E-6A81-4CBA-91C3-5CED209E782B}.Release|Any CPU.Build.0 = Release|Any CPU
		{C64DA48B-1177-44A1-BA18-69426A18B15A}.Debug|Any CPU.ActiveCfg = Debug|Any CPU
		{C64DA48B-1177-44A1-BA18-69426A18B15A}.Debug|Any CPU.Build.0 = Debug|Any CPU
		{C64DA48B-1177-44A1-BA18-69426A18B15A}.Release|Any CPU.ActiveCfg = Release|Any CPU
		{C64DA48B-1177-44A1-BA18-69426A18B15A}.Release|Any CPU.Build.0 = Release|Any CPU
	EndGlobalSection
	GlobalSection(SolutionProperties) = preSolution
		HideSolutionNode = FALSE
	EndGlobalSection
	GlobalSection(ExtensibilityGlobals) = postSolution
		SolutionGuid = {065A800C-6D7E-49DB-A66D-911B9F32BFC9}
	EndGlobalSection
EndGlobal
