
Microsoft Visual Studio Solution File, Format Version 12.00
# Visual Studio 15
VisualStudioVersion = 15.0.28307.779
MinimumVisualStudioVersion = 10.0.40219.1
Project("{9A19103F-16F7-4668-BE54-9A1E7A4F7556}") = "Day_15_GenericsDemo", "Day_15_GenericsDemo\Day_15_GenericsDemo.csproj", "{17F40549-26BB-4E72-9555-15A6E82A8AE5}"
EndProject
Project("{FAE04EC0-301F-11D3-BF4B-00C04F79EFBC}") = "FindMaximumNumberProject", "FindMaximumNumberProject\FindMaximumNumberProject.csproj", "{39A887DC-9F43-4A7B-805E-EA3375B327E1}"
EndProject
Global
	GlobalSection(SolutionConfigurationPlatforms) = preSolution
		Debug|Any CPU = Debug|Any CPU
		Release|Any CPU = Release|Any CPU
	EndGlobalSection
	GlobalSection(ProjectConfigurationPlatforms) = postSolution
		{17F40549-26BB-4E72-9555-15A6E82A8AE5}.Debug|Any CPU.ActiveCfg = Debug|Any CPU
		{17F40549-26BB-4E72-9555-15A6E82A8AE5}.Debug|Any CPU.Build.0 = Debug|Any CPU
		{17F40549-26BB-4E72-9555-15A6E82A8AE5}.Release|Any CPU.ActiveCfg = Release|Any CPU
		{17F40549-26BB-4E72-9555-15A6E82A8AE5}.Release|Any CPU.Build.0 = Release|Any CPU
		{39A887DC-9F43-4A7B-805E-EA3375B327E1}.Debug|Any CPU.ActiveCfg = Debug|Any CPU
		{39A887DC-9F43-4A7B-805E-EA3375B327E1}.Debug|Any CPU.Build.0 = Debug|Any CPU
		{39A887DC-9F43-4A7B-805E-EA3375B327E1}.Release|Any CPU.ActiveCfg = Release|Any CPU
		{39A887DC-9F43-4A7B-805E-EA3375B327E1}.Release|Any CPU.Build.0 = Release|Any CPU
	EndGlobalSection
	GlobalSection(SolutionProperties) = preSolution
		HideSolutionNode = FALSE
	EndGlobalSection
	GlobalSection(ExtensibilityGlobals) = postSolution
		SolutionGuid = {F4F9CCA5-CABA-4A31-A2C2-51C5E520D893}
	EndGlobalSection
EndGlobal
