
Microsoft Visual Studio Solution File, Format Version 12.00
# Visual Studio 15
VisualStudioVersion = 15.0.28307.779
MinimumVisualStudioVersion = 10.0.40219.1
Project("{9A19103F-16F7-4668-BE54-9A1E7A4F7556}") = "RegexPatternMatchingDemo", "RegexPatternMatchingDemo\RegexPatternMatchingDemo.csproj", "{AFE784FF-5BEC-46D5-9A06-452FABB5EEBD}"
EndProject
Project("{9A19103F-16F7-4668-BE54-9A1E7A4F7556}") = "PINRegexTest", "PINRegexTest\PINRegexTest.csproj", "{4234BFBE-C41D-4E30-A338-AD87CCACCD29}"
EndProject
Project("{FAE04EC0-301F-11D3-BF4B-00C04F79EFBC}") = "PinRegex2", "PinRegex2\PinRegex2.csproj", "{B8C88A2D-5E5E-4769-8222-22AB7D4D8C2B}"
EndProject
Global
	GlobalSection(SolutionConfigurationPlatforms) = preSolution
		Debug|Any CPU = Debug|Any CPU
		Release|Any CPU = Release|Any CPU
	EndGlobalSection
	GlobalSection(ProjectConfigurationPlatforms) = postSolution
		{AFE784FF-5BEC-46D5-9A06-452FABB5EEBD}.Debug|Any CPU.ActiveCfg = Debug|Any CPU
		{AFE784FF-5BEC-46D5-9A06-452FABB5EEBD}.Debug|Any CPU.Build.0 = Debug|Any CPU
		{AFE784FF-5BEC-46D5-9A06-452FABB5EEBD}.Release|Any CPU.ActiveCfg = Release|Any CPU
		{AFE784FF-5BEC-46D5-9A06-452FABB5EEBD}.Release|Any CPU.Build.0 = Release|Any CPU
		{4234BFBE-C41D-4E30-A338-AD87CCACCD29}.Debug|Any CPU.ActiveCfg = Debug|Any CPU
		{4234BFBE-C41D-4E30-A338-AD87CCACCD29}.Debug|Any CPU.Build.0 = Debug|Any CPU
		{4234BFBE-C41D-4E30-A338-AD87CCACCD29}.Release|Any CPU.ActiveCfg = Release|Any CPU
		{4234BFBE-C41D-4E30-A338-AD87CCACCD29}.Release|Any CPU.Build.0 = Release|Any CPU
		{B8C88A2D-5E5E-4769-8222-22AB7D4D8C2B}.Debug|Any CPU.ActiveCfg = Debug|Any CPU
		{B8C88A2D-5E5E-4769-8222-22AB7D4D8C2B}.Debug|Any CPU.Build.0 = Debug|Any CPU
		{B8C88A2D-5E5E-4769-8222-22AB7D4D8C2B}.Release|Any CPU.ActiveCfg = Release|Any CPU
		{B8C88A2D-5E5E-4769-8222-22AB7D4D8C2B}.Release|Any CPU.Build.0 = Release|Any CPU
	EndGlobalSection
	GlobalSection(SolutionProperties) = preSolution
		HideSolutionNode = FALSE
	EndGlobalSection
	GlobalSection(ExtensibilityGlobals) = postSolution
		SolutionGuid = {38A4906B-CCE2-4B56-874E-17C46ACC2791}
	EndGlobalSection
EndGlobal
