
Microsoft Visual Studio Solution File, Format Version 12.00
# Visual Studio 15
VisualStudioVersion = 15.0.28307.779
MinimumVisualStudioVersion = 10.0.40219.1
Project("{9A19103F-16F7-4668-BE54-9A1E7A4F7556}") = "Day26_EmployeePayrollService", "Day26_EmployeePayrollService\Day26_EmployeePayrollService.csproj", "{184E9289-538C-45B4-96D3-5A3AE09B6E01}"
EndProject
Project("{FAE04EC0-301F-11D3-BF4B-00C04F79EFBC}") = "EmployeePayrollTestforSQLServerDB", "EmployeePayrollTestforSQLServerDB\EmployeePayrollTestforSQLServerDB.csproj", "{A725083C-5B03-4E2F-AC8C-679B1C4ED312}"
EndProject
Global
	GlobalSection(SolutionConfigurationPlatforms) = preSolution
		Debug|Any CPU = Debug|Any CPU
		Release|Any CPU = Release|Any CPU
	EndGlobalSection
	GlobalSection(ProjectConfigurationPlatforms) = postSolution
		{184E9289-538C-45B4-96D3-5A3AE09B6E01}.Debug|Any CPU.ActiveCfg = Debug|Any CPU
		{184E9289-538C-45B4-96D3-5A3AE09B6E01}.Debug|Any CPU.Build.0 = Debug|Any CPU
		{184E9289-538C-45B4-96D3-5A3AE09B6E01}.Release|Any CPU.ActiveCfg = Release|Any CPU
		{184E9289-538C-45B4-96D3-5A3AE09B6E01}.Release|Any CPU.Build.0 = Release|Any CPU
		{A725083C-5B03-4E2F-AC8C-679B1C4ED312}.Debug|Any CPU.ActiveCfg = Debug|Any CPU
		{A725083C-5B03-4E2F-AC8C-679B1C4ED312}.Debug|Any CPU.Build.0 = Debug|Any CPU
		{A725083C-5B03-4E2F-AC8C-679B1C4ED312}.Release|Any CPU.ActiveCfg = Release|Any CPU
		{A725083C-5B03-4E2F-AC8C-679B1C4ED312}.Release|Any CPU.Build.0 = Release|Any CPU
	EndGlobalSection
	GlobalSection(SolutionProperties) = preSolution
		HideSolutionNode = FALSE
	EndGlobalSection
	GlobalSection(ExtensibilityGlobals) = postSolution
		SolutionGuid = {95CF95CF-1BB1-4FBB-9290-AE969D05BCAF}
	EndGlobalSection
EndGlobal
