
Microsoft Visual Studio Solution File, Format Version 12.00
# Visual Studio 15
VisualStudioVersion = 15.0.28307.779
MinimumVisualStudioVersion = 10.0.40219.1
Project("{FAE04EC0-301F-11D3-BF4B-00C04F79EFBC}") = "Day_28_LinqToDataTableDemo", "LinqToDataTableDemo\Day_28_LinqToDataTableDemo.csproj", "{5A93D2FE-411D-4173-96D9-0B5F5A227C3C}"
EndProject
Project("{FAE04EC0-301F-11D3-BF4B-00C04F79EFBC}") = "ProductReviewManagementWithLinq", "ProductReviewManagementWithLinq\ProductReviewManagementWithLinq.csproj", "{3384E9F0-B30A-4CE3-81AD-624305817148}"
EndProject
Global
	GlobalSection(SolutionConfigurationPlatforms) = preSolution
		Debug|Any CPU = Debug|Any CPU
		Release|Any CPU = Release|Any CPU
	EndGlobalSection
	GlobalSection(ProjectConfigurationPlatforms) = postSolution
		{5A93D2FE-411D-4173-96D9-0B5F5A227C3C}.Debug|Any CPU.ActiveCfg = Debug|Any CPU
		{5A93D2FE-411D-4173-96D9-0B5F5A227C3C}.Debug|Any CPU.Build.0 = Debug|Any CPU
		{5A93D2FE-411D-4173-96D9-0B5F5A227C3C}.Release|Any CPU.ActiveCfg = Release|Any CPU
		{5A93D2FE-411D-4173-96D9-0B5F5A227C3C}.Release|Any CPU.Build.0 = Release|Any CPU
		{3384E9F0-B30A-4CE3-81AD-624305817148}.Debug|Any CPU.ActiveCfg = Debug|Any CPU
		{3384E9F0-B30A-4CE3-81AD-624305817148}.Debug|Any CPU.Build.0 = Debug|Any CPU
		{3384E9F0-B30A-4CE3-81AD-624305817148}.Release|Any CPU.ActiveCfg = Release|Any CPU
		{3384E9F0-B30A-4CE3-81AD-624305817148}.Release|Any CPU.Build.0 = Release|Any CPU
	EndGlobalSection
	GlobalSection(SolutionProperties) = preSolution
		HideSolutionNode = FALSE
	EndGlobalSection
	GlobalSection(ExtensibilityGlobals) = postSolution
		SolutionGuid = {D5633A7C-266B-476C-8C88-D842520F2028}
	EndGlobalSection
EndGlobal
