
Microsoft Visual Studio Solution File, Format Version 12.00
# Visual Studio 15
VisualStudioVersion = 15.0.28307.779
MinimumVisualStudioVersion = 10.0.40219.1
Project("{FAE04EC0-301F-11D3-BF4B-00C04F79EFBC}") = "Day_29_EmployeePayrollUsingThreads", "Day_29_EmployeePayrollUsingThreads\Day_29_EmployeePayrollUsingThreads.csproj", "{96B240C8-2293-4DB1-8A6F-1D5AAE90F2E2}"
EndProject
Project("{FAE04EC0-301F-11D3-BF4B-00C04F79EFBC}") = "EmployeePayrollTest", "EmployeePayrollTest\EmployeePayrollTest.csproj", "{E86A30D9-266A-476B-AD2B-01800CE404B5}"
EndProject
Global
	GlobalSection(SolutionConfigurationPlatforms) = preSolution
		Debug|Any CPU = Debug|Any CPU
		Release|Any CPU = Release|Any CPU
	EndGlobalSection
	GlobalSection(ProjectConfigurationPlatforms) = postSolution
		{96B240C8-2293-4DB1-8A6F-1D5AAE90F2E2}.Debug|Any CPU.ActiveCfg = Debug|Any CPU
		{96B240C8-2293-4DB1-8A6F-1D5AAE90F2E2}.Debug|Any CPU.Build.0 = Debug|Any CPU
		{96B240C8-2293-4DB1-8A6F-1D5AAE90F2E2}.Release|Any CPU.ActiveCfg = Release|Any CPU
		{96B240C8-2293-4DB1-8A6F-1D5AAE90F2E2}.Release|Any CPU.Build.0 = Release|Any CPU
		{E86A30D9-266A-476B-AD2B-01800CE404B5}.Debug|Any CPU.ActiveCfg = Debug|Any CPU
		{E86A30D9-266A-476B-AD2B-01800CE404B5}.Debug|Any CPU.Build.0 = Debug|Any CPU
		{E86A30D9-266A-476B-AD2B-01800CE404B5}.Release|Any CPU.ActiveCfg = Release|Any CPU
		{E86A30D9-266A-476B-AD2B-01800CE404B5}.Release|Any CPU.Build.0 = Release|Any CPU
	EndGlobalSection
	GlobalSection(SolutionProperties) = preSolution
		HideSolutionNode = FALSE
	EndGlobalSection
	GlobalSection(ExtensibilityGlobals) = postSolution
		SolutionGuid = {8DA3FFFF-F592-4324-8FAB-731CD52F3ACD}
	EndGlobalSection
EndGlobal
